
Microsoft Visual Studio Solution File, Format Version 12.00
# Visual Studio 2012
Project("{FAE04EC0-301F-11D3-BF4B-00C04F79EFBC}") = "LiveOpenPositionsEditor", "LiveOpenPositionsEditor\LiveOpenPositionsEditor.csproj", "{9F687025-A728-4E93-81DF-29782E1B186E}"
EndProject
Global
	GlobalSection(SolutionConfigurationPlatforms) = preSolution
		Debug|Any CPU = Debug|Any CPU
		Release|Any CPU = Release|Any CPU
	EndGlobalSection
	GlobalSection(ProjectConfigurationPlatforms) = postSolution
		{9F687025-A728-4E93-81DF-29782E1B186E}.Debug|Any CPU.ActiveCfg = Debug|Any CPU
		{9F687025-A728-4E93-81DF-29782E1B186E}.Debug|Any CPU.Build.0 = Debug|Any CPU
		{9F687025-A728-4E93-81DF-29782E1B186E}.Release|Any CPU.ActiveCfg = Release|Any CPU
		{9F687025-A728-4E93-81DF-29782E1B186E}.Release|Any CPU.Build.0 = Release|Any CPU
	EndGlobalSection
	GlobalSection(SolutionProperties) = preSolution
		HideSolutionNode = FALSE
	EndGlobalSection
EndGlobal
